{
  "name": "Mockup",
  "lockfileVersion": 3,
  "requires": true,
  "packages": {
    "": {
      "dependencies": {
        "@algolia/autocomplete-js": "^1.9.2",
        "algoliasearch": "^4.17.0",
        "swiper": "^9.2.4"
      }
    },
    "node_modules/@algolia/autocomplete-core": {
      "version": "1.9.2",
      "resolved": "https://registry.npmjs.org/@algolia/autocomplete-core/-/autocomplete-core-1.9.2.tgz",
      "integrity": "sha512-hkG80c9kx9ClVAEcUJbTd2ziVC713x9Bji9Ty4XJfKXlxlsx3iXsoNhAwfeR4ulzIUg7OE5gez0UU1zVDdG7kg==",
      "dependencies": {
        "@algolia/autocomplete-plugin-algolia-insights": "1.9.2",
        "@algolia/autocomplete-shared": "1.9.2"
      }
    },
    "node_modules/@algolia/autocomplete-js": {
      "version": "1.9.2",
      "resolved": "https://registry.npmjs.org/@algolia/autocomplete-js/-/autocomplete-js-1.9.2.tgz",
      "integrity": "sha512-qaYzP0DNZsratnu18umlQVW++8uI8irpadk/e2cCOhM5Qvsyw9y338lkTd4AkxOPYf9EhTVgDNq0rQ+dNDtDgQ==",
      "dependencies": {
        "@algolia/autocomplete-core": "1.9.2",
        "@algolia/autocomplete-preset-algolia": "1.9.2",
        "@algolia/autocomplete-shared": "1.9.2",
        "htm": "^3.1.1",
        "preact": "^10.13.2"
      },
      "peerDependencies": {
        "@algolia/client-search": ">= 4.5.1 < 6",
        "algoliasearch": ">= 4.9.1 < 6"
      }
    },
    "node_modules/@algolia/autocomplete-plugin-algolia-insights": {
      "version": "1.9.2",
      "resolved": "https://registry.npmjs.org/@algolia/autocomplete-plugin-algolia-insights/-/autocomplete-plugin-algolia-insights-1.9.2.tgz",
      "integrity": "sha512-2LVsf4W66hVHQ3Ua/8k15oPlxjELCztbAkQm/hP42Sw+GLkHAdY1vaVRYziaWq64+Oljfg6FKkZHCdgXH+CGIA==",
      "dependencies": {
        "@algolia/autocomplete-shared": "1.9.2"
      },
      "peerDependencies": {
        "search-insights": ">= 1 < 3"
      }
    },
    "node_modules/@algolia/autocomplete-preset-algolia": {
      "version": "1.9.2",
      "resolved": "https://registry.npmjs.org/@algolia/autocomplete-preset-algolia/-/autocomplete-preset-algolia-1.9.2.tgz",
      "integrity": "sha512-pqgIm2GNqtCT59Y1ICctIPrYTi34+wNPiNWEclD/yDzp5uDUUsyGe5XrUjCNyQRTKonAlmYxoaEHOn8FWgmBHA==",
      "dependencies": {
        "@algolia/autocomplete-shared": "1.9.2"
      },
      "peerDependencies": {
        "@algolia/client-search": ">= 4.9.1 < 6",
        "algoliasearch": ">= 4.9.1 < 6"
      }
    },
    "node_modules/@algolia/autocomplete-shared": {
      "version": "1.9.2",
      "resolved": "https://registry.npmjs.org/@algolia/autocomplete-shared/-/autocomplete-shared-1.9.2.tgz",
      "integrity": "sha512-XxX6YDn+7LG+SmdpXEOnj7fc3TjiVpQ0CbGhjLwrd2tYr6LVY2D4Iiu/iuYJ4shvVDWWnpwArSk0uIWC/8OPUA==",
      "peerDependencies": {
        "@algolia/client-search": ">= 4.9.1 < 6",
        "algoliasearch": ">= 4.9.1 < 6"
      }
    },
    "node_modules/@algolia/cache-browser-local-storage": {
      "version": "4.17.0",
      "resolved": "https://registry.npmjs.org/@algolia/cache-browser-local-storage/-/cache-browser-local-storage-4.17.0.tgz",
      "integrity": "sha512-myRSRZDIMYB8uCkO+lb40YKiYHi0fjpWRtJpR/dgkaiBlSD0plRyB6lLOh1XIfmMcSeBOqDE7y9m8xZMrXYfyQ==",
      "dependencies": {
        "@algolia/cache-common": "4.17.0"
      }
    },
    "node_modules/@algolia/cache-common": {
      "version": "4.17.0",
      "resolved": "https://registry.npmjs.org/@algolia/cache-common/-/cache-common-4.17.0.tgz",
      "integrity": "sha512-g8mXzkrcUBIPZaulAuqE7xyHhLAYAcF2xSch7d9dABheybaU3U91LjBX6eJTEB7XVhEsgK4Smi27vWtAJRhIKQ=="
    },
    "node_modules/@algolia/cache-in-memory": {
      "version": "4.17.0",
      "resolved": "https://registry.npmjs.org/@algolia/cache-in-memory/-/cache-in-memory-4.17.0.tgz",
      "integrity": "sha512-PT32ciC/xI8z919d0oknWVu3kMfTlhQn3MKxDln3pkn+yA7F7xrxSALysxquv+MhFfNAcrtQ/oVvQVBAQSHtdw==",
      "dependencies": {
        "@algolia/cache-common": "4.17.0"
      }
    },
    "node_modules/@algolia/client-account": {
      "version": "4.17.0",
      "resolved": "https://registry.npmjs.org/@algolia/client-account/-/client-account-4.17.0.tgz",
      "integrity": "sha512-sSEHx9GA6m7wrlsSMNBGfyzlIfDT2fkz2u7jqfCCd6JEEwmxt8emGmxAU/0qBfbhRSuGvzojoLJlr83BSZAKjA==",
      "dependencies": {
        "@algolia/client-common": "4.17.0",
        "@algolia/client-search": "4.17.0",
        "@algolia/transporter": "4.17.0"
      }
    },
    "node_modules/@algolia/client-analytics": {
      "version": "4.17.0",
      "resolved": "https://registry.npmjs.org/@algolia/client-analytics/-/client-analytics-4.17.0.tgz",
      "integrity": "sha512-84ooP8QA3mQ958hQ9wozk7hFUbAO+81CX1CjAuerxBqjKIInh1fOhXKTaku05O/GHBvcfExpPLIQuSuLYziBXQ==",
      "dependencies": {
        "@algolia/client-common": "4.17.0",
        "@algolia/client-search": "4.17.0",
        "@algolia/requester-common": "4.17.0",
        "@algolia/transporter": "4.17.0"
      }
    },
    "node_modules/@algolia/client-common": {
      "version": "4.17.0",
      "resolved": "https://registry.npmjs.org/@algolia/client-common/-/client-common-4.17.0.tgz",
      "integrity": "sha512-jHMks0ZFicf8nRDn6ma8DNNsdwGgP/NKiAAL9z6rS7CymJ7L0+QqTJl3rYxRW7TmBhsUH40wqzmrG6aMIN/DrQ==",
      "dependencies": {
        "@algolia/requester-common": "4.17.0",
        "@algolia/transporter": "4.17.0"
      }
    },
    "node_modules/@algolia/client-personalization": {
      "version": "4.17.0",
      "resolved": "https://registry.npmjs.org/@algolia/client-personalization/-/client-personalization-4.17.0.tgz",
      "integrity": "sha512-RMzN4dZLIta1YuwT7QC9o+OeGz2cU6eTOlGNE/6RcUBLOU3l9tkCOdln5dPE2jp8GZXPl2yk54b2nSs1+pAjqw==",
      "dependencies": {
        "@algolia/client-common": "4.17.0",
        "@algolia/requester-common": "4.17.0",
        "@algolia/transporter": "4.17.0"
      }
    },
    "node_modules/@algolia/client-search": {
      "version": "4.17.0",
      "resolved": "https://registry.npmjs.org/@algolia/client-search/-/client-search-4.17.0.tgz",
      "integrity": "sha512-x4P2wKrrRIXszT8gb7eWsMHNNHAJs0wE7/uqbufm4tZenAp+hwU/hq5KVsY50v+PfwM0LcDwwn/1DroujsTFoA==",
      "dependencies": {
        "@algolia/client-common": "4.17.0",
        "@algolia/requester-common": "4.17.0",
        "@algolia/transporter": "4.17.0"
      }
    },
    "node_modules/@algolia/logger-common": {
      "version": "4.17.0",
      "resolved": "https://registry.npmjs.org/@algolia/logger-common/-/logger-common-4.17.0.tgz",
      "integrity": "sha512-DGuoZqpTmIKJFDeyAJ7M8E/LOenIjWiOsg1XJ1OqAU/eofp49JfqXxbfgctlVZVmDABIyOz8LqEoJ6ZP4DTyvw=="
    },
    "node_modules/@algolia/logger-console": {
      "version": "4.17.0",
      "resolved": "https://registry.npmjs.org/@algolia/logger-console/-/logger-console-4.17.0.tgz",
      "integrity": "sha512-zMPvugQV/gbXUvWBCzihw6m7oxIKp48w37QBIUu/XqQQfxhjoOE9xyfJr1KldUt5FrYOKZJVsJaEjTsu+bIgQg==",
      "dependencies": {
        "@algolia/logger-common": "4.17.0"
      }
    },
    "node_modules/@algolia/requester-browser-xhr": {
      "version": "4.17.0",
      "resolved": "https://registry.npmjs.org/@algolia/requester-browser-xhr/-/requester-browser-xhr-4.17.0.tgz",
      "integrity": "sha512-aSOX/smauyTkP21Pf52pJ1O2LmNFJ5iHRIzEeTh0mwBeADO4GdG94cAWDILFA9rNblq/nK3EDh3+UyHHjplZ1A==",
      "dependencies": {
        "@algolia/requester-common": "4.17.0"
      }
    },
    "node_modules/@algolia/requester-common": {
      "version": "4.17.0",
      "resolved": "https://registry.npmjs.org/@algolia/requester-common/-/requester-common-4.17.0.tgz",
      "integrity": "sha512-XJjmWFEUlHu0ijvcHBoixuXfEoiRUdyzQM6YwTuB8usJNIgShua8ouFlRWF8iCeag0vZZiUm4S2WCVBPkdxFgg=="
    },
    "node_modules/@algolia/requester-node-http": {
      "version": "4.17.0",
      "resolved": "https://registry.npmjs.org/@algolia/requester-node-http/-/requester-node-http-4.17.0.tgz",
      "integrity": "sha512-bpb/wDA1aC6WxxM8v7TsFspB7yBN3nqCGs2H1OADolQR/hiAIjAxusbuMxVbRFOdaUvAIqioIIkWvZdpYNIn8w==",
      "dependencies": {
        "@algolia/requester-common": "4.17.0"
      }
    },
    "node_modules/@algolia/transporter": {
      "version": "4.17.0",
      "resolved": "https://registry.npmjs.org/@algolia/transporter/-/transporter-4.17.0.tgz",
      "integrity": "sha512-6xL6H6fe+Fi0AEP3ziSgC+G04RK37iRb4uUUqVAH9WPYFI8g+LYFq6iv5HS8Cbuc5TTut+Bwj6G+dh/asdb9uA==",
      "dependencies": {
        "@algolia/cache-common": "4.17.0",
        "@algolia/logger-common": "4.17.0",
        "@algolia/requester-common": "4.17.0"
      }
    },
    "node_modules/algoliasearch": {
      "version": "4.17.0",
      "resolved": "https://registry.npmjs.org/algoliasearch/-/algoliasearch-4.17.0.tgz",
      "integrity": "sha512-JMRh2Mw6sEnVMiz6+APsi7lx9a2jiDFF+WUtANaUVCv6uSU9UOLdo5h9K3pdP6frRRybaM2fX8b1u0nqICS9aA==",
      "dependencies": {
        "@algolia/cache-browser-local-storage": "4.17.0",
        "@algolia/cache-common": "4.17.0",
        "@algolia/cache-in-memory": "4.17.0",
        "@algolia/client-account": "4.17.0",
        "@algolia/client-analytics": "4.17.0",
        "@algolia/client-common": "4.17.0",
        "@algolia/client-personalization": "4.17.0",
        "@algolia/client-search": "4.17.0",
        "@algolia/logger-common": "4.17.0",
        "@algolia/logger-console": "4.17.0",
        "@algolia/requester-browser-xhr": "4.17.0",
        "@algolia/requester-common": "4.17.0",
        "@algolia/requester-node-http": "4.17.0",
        "@algolia/transporter": "4.17.0"
      }
    },
    "node_modules/htm": {
      "version": "3.1.1",
      "resolved": "https://registry.npmjs.org/htm/-/htm-3.1.1.tgz",
      "integrity": "sha512-983Vyg8NwUE7JkZ6NmOqpCZ+sh1bKv2iYTlUkzlWmA5JD2acKoxd4KVxbMmxX/85mtfdnDmTFoNKcg5DGAvxNQ=="
    },
    "node_modules/preact": {
      "version": "10.13.2",
      "resolved": "https://registry.npmjs.org/preact/-/preact-10.13.2.tgz",
      "integrity": "sha512-q44QFLhOhty2Bd0Y46fnYW0gD/cbVM9dUVtNTDKPcdXSMA7jfY+Jpd6rk3GB0lcQss0z5s/6CmVP0Z/hV+g6pw==",
      "funding": {
        "type": "opencollective",
        "url": "https://opencollective.com/preact"
      }
    },
    "node_modules/search-insights": {
      "version": "2.6.0",
      "resolved": "https://registry.npmjs.org/search-insights/-/search-insights-2.6.0.tgz",
      "integrity": "sha512-vU2/fJ+h/Mkm/DJOe+EaM5cafJv/1rRTZpGJTuFPf/Q5LjzgMDsqPdSaZsAe+GAWHHsfsu+rQSAn6c8IGtBEVw==",
      "peer": true,
      "engines": {
        "node": ">=8.16.0"
      }
    },
    "node_modules/ssr-window": {
      "version": "4.0.2",
      "resolved": "https://registry.npmjs.org/ssr-window/-/ssr-window-4.0.2.tgz",
      "integrity": "sha512-ISv/Ch+ig7SOtw7G2+qkwfVASzazUnvlDTwypdLoPoySv+6MqlOV10VwPSE6EWkGjhW50lUmghPmpYZXMu/+AQ=="
    },
    "node_modules/swiper": {
      "version": "9.2.4",
      "resolved": "https://registry.npmjs.org/swiper/-/swiper-9.2.4.tgz",
      "integrity": "sha512-L7y3K/iiMXNYQ94FbfcJn7jex4QPnS4+voXGupTdC+UHW4XrR40QDdm4c9hXJ+Br0Il7PP0vP1W3goM9/Ly6Sg==",
      "funding": [
        {
          "type": "patreon",
          "url": "https://www.patreon.com/swiperjs"
        },
        {
          "type": "open_collective",
          "url": "http://opencollective.com/swiper"
        }
      ],
      "dependencies": {
        "ssr-window": "^4.0.2"
      },
      "engines": {
        "node": ">= 4.7.0"
      }
    }
  }
}
